
Microsoft Visual Studio Solution File, Format Version 12.00
# Visual Studio Version 16
VisualStudioVersion = 16.0.29709.97
MinimumVisualStudioVersion = 10.0.40219.1
Project("{FAE04EC0-301F-11D3-BF4B-00C04F79EFBC}") = "ElementInteraction", "ElementInteraction.csproj", "{54D8DD50-2F19-4DF9-ABF5-6D34DCD1AB1D}"
EndProject
Project("{FAE04EC0-301F-11D3-BF4B-00C04F79EFBC}") = "UserInteraction", "..\UserInteraction\UserInteraction.csproj", "{4D9A76B9-3650-4451-8119-5E3C60B5D285}"
EndProject
Project("{FAE04EC0-301F-11D3-BF4B-00C04F79EFBC}") = "TDD", "..\TDD\TDD.csproj", "{29604224-1274-4BE5-95AD-309F180C960D}"
EndProject
Global
	GlobalSection(SolutionConfigurationPlatforms) = preSolution
		Debug|Any CPU = Debug|Any CPU
		Release|Any CPU = Release|Any CPU
	EndGlobalSection
	GlobalSection(ProjectConfigurationPlatforms) = postSolution
		{54D8DD50-2F19-4DF9-ABF5-6D34DCD1AB1D}.Debug|Any CPU.ActiveCfg = Debug|Any CPU
		{54D8DD50-2F19-4DF9-ABF5-6D34DCD1AB1D}.Debug|Any CPU.Build.0 = Debug|Any CPU
		{54D8DD50-2F19-4DF9-ABF5-6D34DCD1AB1D}.Release|Any CPU.ActiveCfg = Release|Any CPU
		{54D8DD50-2F19-4DF9-ABF5-6D34DCD1AB1D}.Release|Any CPU.Build.0 = Release|Any CPU
		{4D9A76B9-3650-4451-8119-5E3C60B5D285}.Debug|Any CPU.ActiveCfg = Debug|Any CPU
		{4D9A76B9-3650-4451-8119-5E3C60B5D285}.Debug|Any CPU.Build.0 = Debug|Any CPU
		{4D9A76B9-3650-4451-8119-5E3C60B5D285}.Release|Any CPU.ActiveCfg = Release|Any CPU
		{4D9A76B9-3650-4451-8119-5E3C60B5D285}.Release|Any CPU.Build.0 = Release|Any CPU
		{29604224-1274-4BE5-95AD-309F180C960D}.Debug|Any CPU.ActiveCfg = Debug|Any CPU
		{29604224-1274-4BE5-95AD-309F180C960D}.Debug|Any CPU.Build.0 = Debug|Any CPU
		{29604224-1274-4BE5-95AD-309F180C960D}.Release|Any CPU.ActiveCfg = Release|Any CPU
		{29604224-1274-4BE5-95AD-309F180C960D}.Release|Any CPU.Build.0 = Release|Any CPU
	EndGlobalSection
	GlobalSection(SolutionProperties) = preSolution
		HideSolutionNode = FALSE
	EndGlobalSection
	GlobalSection(ExtensibilityGlobals) = postSolution
		SolutionGuid = {A341ECF3-3B6E-41BC-9436-6332EC5A6ACC}
	EndGlobalSection
EndGlobal
